// !$*UTF8*$!
{
	archiveVersion = 1;
	classes = {
	};
	objectVersion = 50;
	objects = {

/* Begin PBXBuildFile section */
		348E9A4622EC772000258573 /* Assets.xcassets in Resources */ = {isa = PBXBuildFile; fileRef = 348E9A4522EC771F00258573 /* Assets.xcassets */; };
		348E9A4922EC9A1100258573 /* UIimageViewDownloadExtension.swift in Sources */ = {isa = PBXBuildFile; fileRef = 348E9A4822EC9A1100258573 /* UIimageViewDownloadExtension.swift */; };
		348E9A4C22ECC5DB00258573 /* SearchService.swift in Sources */ = {isa = PBXBuildFile; fileRef = 348E9A4B22ECC5DB00258573 /* SearchService.swift */; };
		348E9A4E22ECC67100258573 /* SearchOperation.swift in Sources */ = {isa = PBXBuildFile; fileRef = 348E9A4D22ECC67100258573 /* SearchOperation.swift */; };
		348E9A5022ECCB2D00258573 /* SearchServiceProtocol.swift in Sources */ = {isa = PBXBuildFile; fileRef = 348E9A4F22ECCB2D00258573 /* SearchServiceProtocol.swift */; };
		348E9A5522ED9DA100258573 /* PhoneCardEmailCell.xib in Resources */ = {isa = PBXBuildFile; fileRef = 348E9A5422ED9DA100258573 /* PhoneCardEmailCell.xib */; };
		348E9A5722ED9DDB00258573 /* PhoneCardEmailCellView.swift in Sources */ = {isa = PBXBuildFile; fileRef = 348E9A5622ED9DDB00258573 /* PhoneCardEmailCellView.swift */; };
		348E9A5922ED9DF200258573 /* PhoneCardEmailCellProtocol.swift in Sources */ = {isa = PBXBuildFile; fileRef = 348E9A5822ED9DF200258573 /* PhoneCardEmailCellProtocol.swift */; };
		348E9A5B22ED9E0700258573 /* PhoneCardMessageSendCell.xib in Resources */ = {isa = PBXBuildFile; fileRef = 348E9A5A22ED9E0700258573 /* PhoneCardMessageSendCell.xib */; };
		348E9A6122ED9E2C00258573 /* PhoneCardNameCellView.swift in Sources */ = {isa = PBXBuildFile; fileRef = 348E9A6022ED9E2C00258573 /* PhoneCardNameCellView.swift */; };
		348E9A6522ED9E4100258573 /* PhoneCardNameCellProtocol.swift in Sources */ = {isa = PBXBuildFile; fileRef = 348E9A6422ED9E4100258573 /* PhoneCardNameCellProtocol.swift */; };
		348E9A6722ED9E8100258573 /* PhoneCardNameCell.xib in Resources */ = {isa = PBXBuildFile; fileRef = 348E9A6622ED9E8100258573 /* PhoneCardNameCell.xib */; };
		348E9A6B22EDDD7300258573 /* PhoneCardNameCellDelegateProtocol.swift in Sources */ = {isa = PBXBuildFile; fileRef = 348E9A6A22EDDD7300258573 /* PhoneCardNameCellDelegateProtocol.swift */; };
		34D7C0B722EB7A610042DB19 /* AppDelegate.swift in Sources */ = {isa = PBXBuildFile; fileRef = 34D7C0B622EB7A610042DB19 /* AppDelegate.swift */; };
		34D7C0C122EB7A630042DB19 /* LaunchScreen.storyboard in Resources */ = {isa = PBXBuildFile; fileRef = 34D7C0BF22EB7A630042DB19 /* LaunchScreen.storyboard */; };
		34D7C0DC22EB7CC30042DB19 /* PhonebookInteractor.swift in Sources */ = {isa = PBXBuildFile; fileRef = 34D7C0DB22EB7CC30042DB19 /* PhonebookInteractor.swift */; };
		34D7C0DE22EB7CE10042DB19 /* PhonebookAssembly.swift in Sources */ = {isa = PBXBuildFile; fileRef = 34D7C0DD22EB7CE10042DB19 /* PhonebookAssembly.swift */; };
		34D7C0E022EB7CFF0042DB19 /* PhonebookPresenter.swift in Sources */ = {isa = PBXBuildFile; fileRef = 34D7C0DF22EB7CFF0042DB19 /* PhonebookPresenter.swift */; };
		34D7C0E222EB7D0D0042DB19 /* PhonebookPresenterProtocol.swift in Sources */ = {isa = PBXBuildFile; fileRef = 34D7C0E122EB7D0D0042DB19 /* PhonebookPresenterProtocol.swift */; };
		34D7C0E622EB7DD30042DB19 /* PhonebookInteractorProtocol.swift in Sources */ = {isa = PBXBuildFile; fileRef = 34D7C0E522EB7DD30042DB19 /* PhonebookInteractorProtocol.swift */; };
		34D7C0E922EB7E560042DB19 /* InternetService.swift in Sources */ = {isa = PBXBuildFile; fileRef = 34D7C0E822EB7E560042DB19 /* InternetService.swift */; };
		34D7C0EB22EB7E600042DB19 /* InternetServiceProtocol.swift in Sources */ = {isa = PBXBuildFile; fileRef = 34D7C0EA22EB7E600042DB19 /* InternetServiceProtocol.swift */; };
		34D7C0ED22EB7E780042DB19 /* DownloadOperation.swift in Sources */ = {isa = PBXBuildFile; fileRef = 34D7C0EC22EB7E780042DB19 /* DownloadOperation.swift */; };
		34D7C0F022EB7F010042DB19 /* Result.swift in Sources */ = {isa = PBXBuildFile; fileRef = 34D7C0EF22EB7F010042DB19 /* Result.swift */; };
		34D7C0F222EB7F8B0042DB19 /* PhonebookViewController.swift in Sources */ = {isa = PBXBuildFile; fileRef = 34D7C0F122EB7F8B0042DB19 /* PhonebookViewController.swift */; };
		34D7C0F422EB80140042DB19 /* StoryboardName.swift in Sources */ = {isa = PBXBuildFile; fileRef = 34D7C0F322EB80140042DB19 /* StoryboardName.swift */; };
		34D7C0F622EB80780042DB19 /* UIViewControllerStoryboardID.swift in Sources */ = {isa = PBXBuildFile; fileRef = 34D7C0F522EB80780042DB19 /* UIViewControllerStoryboardID.swift */; };
		34D7C0F822EB80AF0042DB19 /* ErrorList.swift in Sources */ = {isa = PBXBuildFile; fileRef = 34D7C0F722EB80AF0042DB19 /* ErrorList.swift */; };
		34D7C0FA22EB818F0042DB19 /* PhonebookViewProtocol.swift in Sources */ = {isa = PBXBuildFile; fileRef = 34D7C0F922EB818F0042DB19 /* PhonebookViewProtocol.swift */; };
		34D7C0FE22EB853F0042DB19 /* PhonebookResponse.swift in Sources */ = {isa = PBXBuildFile; fileRef = 34D7C0FD22EB853F0042DB19 /* PhonebookResponse.swift */; };
		34D7C10022EB86440042DB19 /* PhonebookObject.swift in Sources */ = {isa = PBXBuildFile; fileRef = 34D7C0FF22EB86440042DB19 /* PhonebookObject.swift */; };
		34D7C10222EB86710042DB19 /* PhonebookObjectProtocol.swift in Sources */ = {isa = PBXBuildFile; fileRef = 34D7C10122EB86710042DB19 /* PhonebookObjectProtocol.swift */; };
		34D7C10522EB88710042DB19 /* Phonebook.storyboard in Resources */ = {isa = PBXBuildFile; fileRef = 34D7C10422EB88710042DB19 /* Phonebook.storyboard */; };
		34D7C10822EB891C0042DB19 /* PhonebookCell.xib in Resources */ = {isa = PBXBuildFile; fileRef = 34D7C10722EB891C0042DB19 /* PhonebookCell.xib */; };
		34D7C10A22EB89FC0042DB19 /* PhonebookCellProtocol.swift in Sources */ = {isa = PBXBuildFile; fileRef = 34D7C10922EB89FC0042DB19 /* PhonebookCellProtocol.swift */; };
		34D7C10C22EB8A130042DB19 /* PhonebookCellView.swift in Sources */ = {isa = PBXBuildFile; fileRef = 34D7C10B22EB8A130042DB19 /* PhonebookCellView.swift */; };
		34D7C11022EB8C2A0042DB19 /* Application.swift in Sources */ = {isa = PBXBuildFile; fileRef = 34D7C10F22EB8C2A0042DB19 /* Application.swift */; };
		34D7C11522EB8CFD0042DB19 /* Coordinator.swift in Sources */ = {isa = PBXBuildFile; fileRef = 34D7C11422EB8CFD0042DB19 /* Coordinator.swift */; };
		34D7C11722EB8D040042DB19 /* CoordinatorProtocol.swift in Sources */ = {isa = PBXBuildFile; fileRef = 34D7C11622EB8D040042DB19 /* CoordinatorProtocol.swift */; };
		34D7C11922EB8DBA0042DB19 /* ControllerBuilder.swift in Sources */ = {isa = PBXBuildFile; fileRef = 34D7C11822EB8DBA0042DB19 /* ControllerBuilder.swift */; };
		34D7C11B22EB8DC80042DB19 /* ControllerBuilderProtocol.swift in Sources */ = {isa = PBXBuildFile; fileRef = 34D7C11A22EB8DC80042DB19 /* ControllerBuilderProtocol.swift */; };
		34D7C12722EB926C0042DB19 /* DetailPhotoAssembly.swift in Sources */ = {isa = PBXBuildFile; fileRef = 34D7C11F22EB926C0042DB19 /* DetailPhotoAssembly.swift */; };
		34D7C12822EB926C0042DB19 /* DetailPhotoPresenter.swift in Sources */ = {isa = PBXBuildFile; fileRef = 34D7C12122EB926C0042DB19 /* DetailPhotoPresenter.swift */; };
		34D7C12922EB926C0042DB19 /* DetailPhotoPresenterProtocol.swift in Sources */ = {isa = PBXBuildFile; fileRef = 34D7C12222EB926C0042DB19 /* DetailPhotoPresenterProtocol.swift */; };
		34D7C12A22EB926C0042DB19 /* DetailPhotoInteractorProtocol.swift in Sources */ = {isa = PBXBuildFile; fileRef = 34D7C12422EB926C0042DB19 /* DetailPhotoInteractorProtocol.swift */; };
		34D7C12B22EB926C0042DB19 /* DetailPhotoInteractor.swift in Sources */ = {isa = PBXBuildFile; fileRef = 34D7C12522EB926C0042DB19 /* DetailPhotoInteractor.swift */; };
		34D7C12E22EB92D80042DB19 /*  DetailPhotoViewProtocol.swift in Sources */ = {isa = PBXBuildFile; fileRef = 34D7C12D22EB92D80042DB19 /*  DetailPhotoViewProtocol.swift */; };
		34D7C13022EB93110042DB19 /* DetailPhotoViewController.swift in Sources */ = {isa = PBXBuildFile; fileRef = 34D7C12F22EB93110042DB19 /* DetailPhotoViewController.swift */; };
		34D7C13D22EB955E0042DB19 /* PhoneCardViewController.swift in Sources */ = {isa = PBXBuildFile; fileRef = 34D7C13322EB955E0042DB19 /* PhoneCardViewController.swift */; };
		34D7C13E22EB955E0042DB19 /* PhoneCardViewProtocol.swift in Sources */ = {isa = PBXBuildFile; fileRef = 34D7C13422EB955E0042DB19 /* PhoneCardViewProtocol.swift */; };
		34D7C13F22EB955E0042DB19 /* PhonecardPresenter.swift in Sources */ = {isa = PBXBuildFile; fileRef = 34D7C13622EB955E0042DB19 /* PhonecardPresenter.swift */; };
		34D7C14022EB955E0042DB19 /* PhonecardPresenterProtocol.swift in Sources */ = {isa = PBXBuildFile; fileRef = 34D7C13722EB955E0042DB19 /* PhonecardPresenterProtocol.swift */; };
		34D7C14122EB955E0042DB19 /* PhonecardInteractor.swift in Sources */ = {isa = PBXBuildFile; fileRef = 34D7C13922EB955E0042DB19 /* PhonecardInteractor.swift */; };
		34D7C14222EB955E0042DB19 /* PhonecardInteractorProtocol.swift in Sources */ = {isa = PBXBuildFile; fileRef = 34D7C13A22EB955E0042DB19 /* PhonecardInteractorProtocol.swift */; };
		34D7C14322EB955E0042DB19 /* PhonecardAssembly.swift in Sources */ = {isa = PBXBuildFile; fileRef = 34D7C13C22EB955E0042DB19 /* PhonecardAssembly.swift */; };
		34D7C14522EB96E70042DB19 /* PhoneCard.storyboard in Resources */ = {isa = PBXBuildFile; fileRef = 34D7C14422EB96E70042DB19 /* PhoneCard.storyboard */; };
		34D7C14722EB96FE0042DB19 /* DetailPhoto.storyboard in Resources */ = {isa = PBXBuildFile; fileRef = 34D7C14622EB96FE0042DB19 /* DetailPhoto.storyboard */; };
/* End PBXBuildFile section */

/* Begin PBXFileReference section */
		348E9A4522EC771F00258573 /* Assets.xcassets */ = {isa = PBXFileReference; lastKnownFileType = folder.assetcatalog; path = Assets.xcassets; sourceTree = "<group>"; };
		348E9A4822EC9A1100258573 /* UIimageViewDownloadExtension.swift */ = {isa = PBXFileReference; lastKnownFileType = sourcecode.swift; path = UIimageViewDownloadExtension.swift; sourceTree = "<group>"; };
		348E9A4B22ECC5DB00258573 /* SearchService.swift */ = {isa = PBXFileReference; lastKnownFileType = sourcecode.swift; path = SearchService.swift; sourceTree = "<group>"; };
		348E9A4D22ECC67100258573 /* SearchOperation.swift */ = {isa = PBXFileReference; lastKnownFileType = sourcecode.swift; path = SearchOperation.swift; sourceTree = "<group>"; };
		348E9A4F22ECCB2D00258573 /* SearchServiceProtocol.swift */ = {isa = PBXFileReference; lastKnownFileType = sourcecode.swift; path = SearchServiceProtocol.swift; sourceTree = "<group>"; };
		348E9A5422ED9DA100258573 /* PhoneCardEmailCell.xib */ = {isa = PBXFileReference; lastKnownFileType = file.xib; path = PhoneCardEmailCell.xib; sourceTree = "<group>"; };
		348E9A5622ED9DDB00258573 /* PhoneCardEmailCellView.swift */ = {isa = PBXFileReference; lastKnownFileType = sourcecode.swift; path = PhoneCardEmailCellView.swift; sourceTree = "<group>"; };
		348E9A5822ED9DF200258573 /* PhoneCardEmailCellProtocol.swift */ = {isa = PBXFileReference; lastKnownFileType = sourcecode.swift; path = PhoneCardEmailCellProtocol.swift; sourceTree = "<group>"; };
		348E9A5A22ED9E0700258573 /* PhoneCardMessageSendCell.xib */ = {isa = PBXFileReference; lastKnownFileType = file.xib; path = PhoneCardMessageSendCell.xib; sourceTree = "<group>"; };
		348E9A6022ED9E2C00258573 /* PhoneCardNameCellView.swift */ = {isa = PBXFileReference; lastKnownFileType = sourcecode.swift; path = PhoneCardNameCellView.swift; sourceTree = "<group>"; };
		348E9A6422ED9E4100258573 /* PhoneCardNameCellProtocol.swift */ = {isa = PBXFileReference; lastKnownFileType = sourcecode.swift; path = PhoneCardNameCellProtocol.swift; sourceTree = "<group>"; };
		348E9A6622ED9E8100258573 /* PhoneCardNameCell.xib */ = {isa = PBXFileReference; lastKnownFileType = file.xib; path = PhoneCardNameCell.xib; sourceTree = "<group>"; };
		348E9A6A22EDDD7300258573 /* PhoneCardNameCellDelegateProtocol.swift */ = {isa = PBXFileReference; lastKnownFileType = sourcecode.swift; path = PhoneCardNameCellDelegateProtocol.swift; sourceTree = "<group>"; };
		34D7C0B322EB7A610042DB19 /* Phonebook.app */ = {isa = PBXFileReference; explicitFileType = wrapper.application; includeInIndex = 0; path = Phonebook.app; sourceTree = BUILT_PRODUCTS_DIR; };
		34D7C0B622EB7A610042DB19 /* AppDelegate.swift */ = {isa = PBXFileReference; lastKnownFileType = sourcecode.swift; path = AppDelegate.swift; sourceTree = "<group>"; };
		34D7C0C022EB7A630042DB19 /* Base */ = {isa = PBXFileReference; lastKnownFileType = file.storyboard; name = Base; path = Base.lproj/LaunchScreen.storyboard; sourceTree = "<group>"; };
		34D7C0C222EB7A630042DB19 /* Info.plist */ = {isa = PBXFileReference; lastKnownFileType = text.plist.xml; path = Info.plist; sourceTree = "<group>"; };
		34D7C0DB22EB7CC30042DB19 /* PhonebookInteractor.swift */ = {isa = PBXFileReference; lastKnownFileType = sourcecode.swift; path = PhonebookInteractor.swift; sourceTree = "<group>"; };
		34D7C0DD22EB7CE10042DB19 /* PhonebookAssembly.swift */ = {isa = PBXFileReference; lastKnownFileType = sourcecode.swift; path = PhonebookAssembly.swift; sourceTree = "<group>"; };
		34D7C0DF22EB7CFF0042DB19 /* PhonebookPresenter.swift */ = {isa = PBXFileReference; lastKnownFileType = sourcecode.swift; path = PhonebookPresenter.swift; sourceTree = "<group>"; };
		34D7C0E122EB7D0D0042DB19 /* PhonebookPresenterProtocol.swift */ = {isa = PBXFileReference; lastKnownFileType = sourcecode.swift; path = PhonebookPresenterProtocol.swift; sourceTree = "<group>"; };
		34D7C0E522EB7DD30042DB19 /* PhonebookInteractorProtocol.swift */ = {isa = PBXFileReference; lastKnownFileType = sourcecode.swift; path = PhonebookInteractorProtocol.swift; sourceTree = "<group>"; };
		34D7C0E822EB7E560042DB19 /* InternetService.swift */ = {isa = PBXFileReference; lastKnownFileType = sourcecode.swift; path = InternetService.swift; sourceTree = "<group>"; };
		34D7C0EA22EB7E600042DB19 /* InternetServiceProtocol.swift */ = {isa = PBXFileReference; lastKnownFileType = sourcecode.swift; path = InternetServiceProtocol.swift; sourceTree = "<group>"; };
		34D7C0EC22EB7E780042DB19 /* DownloadOperation.swift */ = {isa = PBXFileReference; lastKnownFileType = sourcecode.swift; path = DownloadOperation.swift; sourceTree = "<group>"; };
		34D7C0EF22EB7F010042DB19 /* Result.swift */ = {isa = PBXFileReference; lastKnownFileType = sourcecode.swift; path = Result.swift; sourceTree = "<group>"; };
		34D7C0F122EB7F8B0042DB19 /* PhonebookViewController.swift */ = {isa = PBXFileReference; lastKnownFileType = sourcecode.swift; path = PhonebookViewController.swift; sourceTree = "<group>"; };
		34D7C0F322EB80140042DB19 /* StoryboardName.swift */ = {isa = PBXFileReference; lastKnownFileType = sourcecode.swift; path = StoryboardName.swift; sourceTree = "<group>"; };
		34D7C0F522EB80780042DB19 /* UIViewControllerStoryboardID.swift */ = {isa = PBXFileReference; lastKnownFileType = sourcecode.swift; path = UIViewControllerStoryboardID.swift; sourceTree = "<group>"; };
		34D7C0F722EB80AF0042DB19 /* ErrorList.swift */ = {isa = PBXFileReference; lastKnownFileType = sourcecode.swift; path = ErrorList.swift; sourceTree = "<group>"; };
		34D7C0F922EB818F0042DB19 /* PhonebookViewProtocol.swift */ = {isa = PBXFileReference; lastKnownFileType = sourcecode.swift; path = PhonebookViewProtocol.swift; sourceTree = "<group>"; };
		34D7C0FD22EB853F0042DB19 /* PhonebookResponse.swift */ = {isa = PBXFileReference; lastKnownFileType = sourcecode.swift; path = PhonebookResponse.swift; sourceTree = "<group>"; };
		34D7C0FF22EB86440042DB19 /* PhonebookObject.swift */ = {isa = PBXFileReference; lastKnownFileType = sourcecode.swift; path = PhonebookObject.swift; sourceTree = "<group>"; };
		34D7C10122EB86710042DB19 /* PhonebookObjectProtocol.swift */ = {isa = PBXFileReference; lastKnownFileType = sourcecode.swift; path = PhonebookObjectProtocol.swift; sourceTree = "<group>"; };
		34D7C10422EB88710042DB19 /* Phonebook.storyboard */ = {isa = PBXFileReference; lastKnownFileType = file.storyboard; path = Phonebook.storyboard; sourceTree = "<group>"; };
		34D7C10722EB891C0042DB19 /* PhonebookCell.xib */ = {isa = PBXFileReference; lastKnownFileType = file.xib; path = PhonebookCell.xib; sourceTree = "<group>"; };
		34D7C10922EB89FC0042DB19 /* PhonebookCellProtocol.swift */ = {isa = PBXFileReference; lastKnownFileType = sourcecode.swift; path = PhonebookCellProtocol.swift; sourceTree = "<group>"; };
		34D7C10B22EB8A130042DB19 /* PhonebookCellView.swift */ = {isa = PBXFileReference; lastKnownFileType = sourcecode.swift; path = PhonebookCellView.swift; sourceTree = "<group>"; };
		34D7C10F22EB8C2A0042DB19 /* Application.swift */ = {isa = PBXFileReference; lastKnownFileType = sourcecode.swift; path = Application.swift; sourceTree = "<group>"; };
		34D7C11422EB8CFD0042DB19 /* Coordinator.swift */ = {isa = PBXFileReference; lastKnownFileType = sourcecode.swift; path = Coordinator.swift; sourceTree = "<group>"; };
		34D7C11622EB8D040042DB19 /* CoordinatorProtocol.swift */ = {isa = PBXFileReference; lastKnownFileType = sourcecode.swift; path = CoordinatorProtocol.swift; sourceTree = "<group>"; };
		34D7C11822EB8DBA0042DB19 /* ControllerBuilder.swift */ = {isa = PBXFileReference; lastKnownFileType = sourcecode.swift; path = ControllerBuilder.swift; sourceTree = "<group>"; };
		34D7C11A22EB8DC80042DB19 /* ControllerBuilderProtocol.swift */ = {isa = PBXFileReference; lastKnownFileType = sourcecode.swift; path = ControllerBuilderProtocol.swift; sourceTree = "<group>"; };
		34D7C11F22EB926C0042DB19 /* DetailPhotoAssembly.swift */ = {isa = PBXFileReference; fileEncoding = 4; lastKnownFileType = sourcecode.swift; path = DetailPhotoAssembly.swift; sourceTree = "<group>"; };
		34D7C12122EB926C0042DB19 /* DetailPhotoPresenter.swift */ = {isa = PBXFileReference; fileEncoding = 4; lastKnownFileType = sourcecode.swift; path = DetailPhotoPresenter.swift; sourceTree = "<group>"; };
		34D7C12222EB926C0042DB19 /* DetailPhotoPresenterProtocol.swift */ = {isa = PBXFileReference; fileEncoding = 4; lastKnownFileType = sourcecode.swift; path = DetailPhotoPresenterProtocol.swift; sourceTree = "<group>"; };
		34D7C12422EB926C0042DB19 /* DetailPhotoInteractorProtocol.swift */ = {isa = PBXFileReference; fileEncoding = 4; lastKnownFileType = sourcecode.swift; path = DetailPhotoInteractorProtocol.swift; sourceTree = "<group>"; };
		34D7C12522EB926C0042DB19 /* DetailPhotoInteractor.swift */ = {isa = PBXFileReference; fileEncoding = 4; lastKnownFileType = sourcecode.swift; path = DetailPhotoInteractor.swift; sourceTree = "<group>"; };
		34D7C12D22EB92D80042DB19 /*  DetailPhotoViewProtocol.swift */ = {isa = PBXFileReference; lastKnownFileType = sourcecode.swift; path = " DetailPhotoViewProtocol.swift"; sourceTree = "<group>"; };
		34D7C12F22EB93110042DB19 /* DetailPhotoViewController.swift */ = {isa = PBXFileReference; lastKnownFileType = sourcecode.swift; path = DetailPhotoViewController.swift; sourceTree = "<group>"; };
		34D7C13322EB955E0042DB19 /* PhoneCardViewController.swift */ = {isa = PBXFileReference; fileEncoding = 4; lastKnownFileType = sourcecode.swift; path = PhoneCardViewController.swift; sourceTree = "<group>"; };
		34D7C13422EB955E0042DB19 /* PhoneCardViewProtocol.swift */ = {isa = PBXFileReference; fileEncoding = 4; lastKnownFileType = sourcecode.swift; path = PhoneCardViewProtocol.swift; sourceTree = "<group>"; };
		34D7C13622EB955E0042DB19 /* PhonecardPresenter.swift */ = {isa = PBXFileReference; fileEncoding = 4; lastKnownFileType = sourcecode.swift; path = PhonecardPresenter.swift; sourceTree = "<group>"; };
		34D7C13722EB955E0042DB19 /* PhonecardPresenterProtocol.swift */ = {isa = PBXFileReference; fileEncoding = 4; lastKnownFileType = sourcecode.swift; path = PhonecardPresenterProtocol.swift; sourceTree = "<group>"; };
		34D7C13922EB955E0042DB19 /* PhonecardInteractor.swift */ = {isa = PBXFileReference; fileEncoding = 4; lastKnownFileType = sourcecode.swift; path = PhonecardInteractor.swift; sourceTree = "<group>"; };
		34D7C13A22EB955E0042DB19 /* PhonecardInteractorProtocol.swift */ = {isa = PBXFileReference; fileEncoding = 4; lastKnownFileType = sourcecode.swift; path = PhonecardInteractorProtocol.swift; sourceTree = "<group>"; };
		34D7C13C22EB955E0042DB19 /* PhonecardAssembly.swift */ = {isa = PBXFileReference; fileEncoding = 4; lastKnownFileType = sourcecode.swift; path = PhonecardAssembly.swift; sourceTree = "<group>"; };
		34D7C14422EB96E70042DB19 /* PhoneCard.storyboard */ = {isa = PBXFileReference; lastKnownFileType = file.storyboard; path = PhoneCard.storyboard; sourceTree = "<group>"; };
		34D7C14622EB96FE0042DB19 /* DetailPhoto.storyboard */ = {isa = PBXFileReference; lastKnownFileType = file.storyboard; path = DetailPhoto.storyboard; sourceTree = "<group>"; };
/* End PBXFileReference section */

/* Begin PBXFrameworksBuildPhase section */
		34D7C0B022EB7A610042DB19 /* Frameworks */ = {
			isa = PBXFrameworksBuildPhase;
			buildActionMask = 2147483647;
			files = (
			);
			runOnlyForDeploymentPostprocessing = 0;
		};
/* End PBXFrameworksBuildPhase section */

/* Begin PBXGroup section */
		348E9A4A22ECC5C900258573 /* SearchService */ = {
			isa = PBXGroup;
			children = (
				348E9A4B22ECC5DB00258573 /* SearchService.swift */,
				348E9A4F22ECCB2D00258573 /* SearchServiceProtocol.swift */,
				348E9A4D22ECC67100258573 /* SearchOperation.swift */,
			);
			path = SearchService;
			sourceTree = "<group>";
		};
		348E9A5122ED9CF100258573 /* PhoneCardNameCell */ = {
			isa = PBXGroup;
			children = (
				348E9A6622ED9E8100258573 /* PhoneCardNameCell.xib */,
				348E9A6022ED9E2C00258573 /* PhoneCardNameCellView.swift */,
				348E9A6422ED9E4100258573 /* PhoneCardNameCellProtocol.swift */,
				348E9A6A22EDDD7300258573 /* PhoneCardNameCellDelegateProtocol.swift */,
			);
			path = PhoneCardNameCell;
			sourceTree = "<group>";
		};
		348E9A5222ED9D3F00258573 /* PhoneCardEmailCell */ = {
			isa = PBXGroup;
			children = (
				348E9A5422ED9DA100258573 /* PhoneCardEmailCell.xib */,
				348E9A5622ED9DDB00258573 /* PhoneCardEmailCellView.swift */,
				348E9A5822ED9DF200258573 /* PhoneCardEmailCellProtocol.swift */,
			);
			path = PhoneCardEmailCell;
			sourceTree = "<group>";
		};
		348E9A5322ED9D6400258573 /* PhoneCardMessageSendCell */ = {
			isa = PBXGroup;
			children = (
				348E9A5A22ED9E0700258573 /* PhoneCardMessageSendCell.xib */,
			);
			path = PhoneCardMessageSendCell;
			sourceTree = "<group>";
		};
		34D7C0AA22EB7A610042DB19 = {
			isa = PBXGroup;
			children = (
				34D7C0B522EB7A610042DB19 /* Phonebook */,
				34D7C0B422EB7A610042DB19 /* Products */,
			);
			sourceTree = "<group>";
		};
		34D7C0B422EB7A610042DB19 /* Products */ = {
			isa = PBXGroup;
			children = (
				34D7C0B322EB7A610042DB19 /* Phonebook.app */,
			);
			name = Products;
			sourceTree = "<group>";
		};
		34D7C0B522EB7A610042DB19 /* Phonebook */ = {
			isa = PBXGroup;
			children = (
				348E9A4522EC771F00258573 /* Assets.xcassets */,
				34D7C11322EB8CCE0042DB19 /* Coordinator */,
				34D7C0FB22EB84EA0042DB19 /* App */,
				34D7C0EE22EB7ED40042DB19 /* Common */,
				34D7C0E722EB7E3B0042DB19 /* Services */,
				34D7C0C822EB7A6F0042DB19 /* PhoneBook */,
				34D7C0C922EB7A7F0042DB19 /* PhoneCard */,
				34D7C10322EB87F70042DB19 /* DetailPhoto */,
				34D7C0BF22EB7A630042DB19 /* LaunchScreen.storyboard */,
				34D7C0C222EB7A630042DB19 /* Info.plist */,
			);
			path = Phonebook;
			sourceTree = "<group>";
		};
		34D7C0C822EB7A6F0042DB19 /* PhoneBook */ = {
			isa = PBXGroup;
			children = (
				34D7C0CA22EB7AA00042DB19 /* Assembly */,
				34D7C0CB22EB7AA60042DB19 /* Interactor */,
				34D7C0CC22EB7AB10042DB19 /* Presenter */,
				34D7C0CD22EB7ABC0042DB19 /* View */,
			);
			path = PhoneBook;
			sourceTree = "<group>";
		};
		34D7C0C922EB7A7F0042DB19 /* PhoneCard */ = {
			isa = PBXGroup;
			children = (
				34D7C13B22EB955E0042DB19 /* Assembly */,
				34D7C13822EB955E0042DB19 /* Interactor */,
				34D7C13522EB955E0042DB19 /* Presenter */,
				34D7C13222EB955E0042DB19 /* View */,
			);
			path = PhoneCard;
			sourceTree = "<group>";
		};
		34D7C0CA22EB7AA00042DB19 /* Assembly */ = {
			isa = PBXGroup;
			children = (
				34D7C0DD22EB7CE10042DB19 /* PhonebookAssembly.swift */,
			);
			path = Assembly;
			sourceTree = "<group>";
		};
		34D7C0CB22EB7AA60042DB19 /* Interactor */ = {
			isa = PBXGroup;
			children = (
				34D7C0DB22EB7CC30042DB19 /* PhonebookInteractor.swift */,
				34D7C0E522EB7DD30042DB19 /* PhonebookInteractorProtocol.swift */,
			);
			path = Interactor;
			sourceTree = "<group>";
		};
		34D7C0CC22EB7AB10042DB19 /* Presenter */ = {
			isa = PBXGroup;
			children = (
				34D7C0DF22EB7CFF0042DB19 /* PhonebookPresenter.swift */,
				34D7C0E122EB7D0D0042DB19 /* PhonebookPresenterProtocol.swift */,
			);
			path = Presenter;
			sourceTree = "<group>";
		};
		34D7C0CD22EB7ABC0042DB19 /* View */ = {
			isa = PBXGroup;
			children = (
				34D7C10622EB88E10042DB19 /* PhonebookCell */,
				34D7C10422EB88710042DB19 /* Phonebook.storyboard */,
				34D7C0F122EB7F8B0042DB19 /* PhonebookViewController.swift */,
				34D7C0F922EB818F0042DB19 /* PhonebookViewProtocol.swift */,
			);
			path = View;
			sourceTree = "<group>";
		};
		34D7C0E722EB7E3B0042DB19 /* Services */ = {
			isa = PBXGroup;
			children = (
				348E9A4A22ECC5C900258573 /* SearchService */,
				34D7C11D22EB8DD40042DB19 /* InternetService */,
				34D7C11C22EB8DCC0042DB19 /* ControllerBuilder */,
			);
			path = Services;
			sourceTree = "<group>";
		};
		34D7C0EE22EB7ED40042DB19 /* Common */ = {
			isa = PBXGroup;
			children = (
				34D7C0FC22EB851A0042DB19 /* Entity */,
				34D7C0EF22EB7F010042DB19 /* Result.swift */,
				34D7C0F322EB80140042DB19 /* StoryboardName.swift */,
				34D7C0F522EB80780042DB19 /* UIViewControllerStoryboardID.swift */,
				34D7C0F722EB80AF0042DB19 /* ErrorList.swift */,
				348E9A4822EC9A1100258573 /* UIimageViewDownloadExtension.swift */,
			);
			path = Common;
			sourceTree = "<group>";
		};
		34D7C0FB22EB84EA0042DB19 /* App */ = {
			isa = PBXGroup;
			children = (
				34D7C0B622EB7A610042DB19 /* AppDelegate.swift */,
				34D7C10F22EB8C2A0042DB19 /* Application.swift */,
			);
			path = App;
			sourceTree = "<group>";
		};
		34D7C0FC22EB851A0042DB19 /* Entity */ = {
			isa = PBXGroup;
			children = (
				34D7C0FD22EB853F0042DB19 /* PhonebookResponse.swift */,
				34D7C0FF22EB86440042DB19 /* PhonebookObject.swift */,
				34D7C10122EB86710042DB19 /* PhonebookObjectProtocol.swift */,
			);
			path = Entity;
			sourceTree = "<group>";
		};
		34D7C10322EB87F70042DB19 /* DetailPhoto */ = {
			isa = PBXGroup;
			children = (
				34D7C11E22EB926C0042DB19 /* Assembly */,
				34D7C12322EB926C0042DB19 /* Interactor */,
				34D7C12022EB926C0042DB19 /* Presenter */,
				34D7C12C22EB929B0042DB19 /* View */,
			);
			path = DetailPhoto;
			sourceTree = "<group>";
		};
		34D7C10622EB88E10042DB19 /* PhonebookCell */ = {
			isa = PBXGroup;
			children = (
				34D7C10722EB891C0042DB19 /* PhonebookCell.xib */,
				34D7C10B22EB8A130042DB19 /* PhonebookCellView.swift */,
				34D7C10922EB89FC0042DB19 /* PhonebookCellProtocol.swift */,
			);
			path = PhonebookCell;
			sourceTree = "<group>";
		};
		34D7C11322EB8CCE0042DB19 /* Coordinator */ = {
			isa = PBXGroup;
			children = (
				34D7C11422EB8CFD0042DB19 /* Coordinator.swift */,
				34D7C11622EB8D040042DB19 /* CoordinatorProtocol.swift */,
			);
			path = Coordinator;
			sourceTree = "<group>";
		};
		34D7C11C22EB8DCC0042DB19 /* ControllerBuilder */ = {
			isa = PBXGroup;
			children = (
				34D7C11822EB8DBA0042DB19 /* ControllerBuilder.swift */,
				34D7C11A22EB8DC80042DB19 /* ControllerBuilderProtocol.swift */,
			);
			path = ControllerBuilder;
			sourceTree = "<group>";
		};
		34D7C11D22EB8DD40042DB19 /* InternetService */ = {
			isa = PBXGroup;
			children = (
				34D7C0E822EB7E560042DB19 /* InternetService.swift */,
				34D7C0EA22EB7E600042DB19 /* InternetServiceProtocol.swift */,
				34D7C0EC22EB7E780042DB19 /* DownloadOperation.swift */,
			);
			path = InternetService;
			sourceTree = "<group>";
		};
		34D7C11E22EB926C0042DB19 /* Assembly */ = {
			isa = PBXGroup;
			children = (
				34D7C11F22EB926C0042DB19 /* DetailPhotoAssembly.swift */,
			);
			path = Assembly;
			sourceTree = "<group>";
		};
		34D7C12022EB926C0042DB19 /* Presenter */ = {
			isa = PBXGroup;
			children = (
				34D7C12122EB926C0042DB19 /* DetailPhotoPresenter.swift */,
				34D7C12222EB926C0042DB19 /* DetailPhotoPresenterProtocol.swift */,
			);
			path = Presenter;
			sourceTree = "<group>";
		};
		34D7C12322EB926C0042DB19 /* Interactor */ = {
			isa = PBXGroup;
			children = (
				34D7C12422EB926C0042DB19 /* DetailPhotoInteractorProtocol.swift */,
				34D7C12522EB926C0042DB19 /* DetailPhotoInteractor.swift */,
			);
			path = Interactor;
			sourceTree = "<group>";
		};
		34D7C12C22EB929B0042DB19 /* View */ = {
			isa = PBXGroup;
			children = (
				34D7C14622EB96FE0042DB19 /* DetailPhoto.storyboard */,
				34D7C12D22EB92D80042DB19 /*  DetailPhotoViewProtocol.swift */,
				34D7C12F22EB93110042DB19 /* DetailPhotoViewController.swift */,
			);
			path = View;
			sourceTree = "<group>";
		};
		34D7C13222EB955E0042DB19 /* View */ = {
			isa = PBXGroup;
			children = (
				348E9A5122ED9CF100258573 /* PhoneCardNameCell */,
				348E9A5222ED9D3F00258573 /* PhoneCardEmailCell */,
				348E9A5322ED9D6400258573 /* PhoneCardMessageSendCell */,
				34D7C13322EB955E0042DB19 /* PhoneCardViewController.swift */,
				34D7C13422EB955E0042DB19 /* PhoneCardViewProtocol.swift */,
				34D7C14422EB96E70042DB19 /* PhoneCard.storyboard */,
			);
			path = View;
			sourceTree = "<group>";
		};
		34D7C13522EB955E0042DB19 /* Presenter */ = {
			isa = PBXGroup;
			children = (
				34D7C13622EB955E0042DB19 /* PhonecardPresenter.swift */,
				34D7C13722EB955E0042DB19 /* PhonecardPresenterProtocol.swift */,
			);
			path = Presenter;
			sourceTree = "<group>";
		};
		34D7C13822EB955E0042DB19 /* Interactor */ = {
			isa = PBXGroup;
			children = (
				34D7C13922EB955E0042DB19 /* PhonecardInteractor.swift */,
				34D7C13A22EB955E0042DB19 /* PhonecardInteractorProtocol.swift */,
			);
			path = Interactor;
			sourceTree = "<group>";
		};
		34D7C13B22EB955E0042DB19 /* Assembly */ = {
			isa = PBXGroup;
			children = (
				34D7C13C22EB955E0042DB19 /* PhonecardAssembly.swift */,
			);
			path = Assembly;
			sourceTree = "<group>";
		};
/* End PBXGroup section */

/* Begin PBXNativeTarget section */
		34D7C0B222EB7A610042DB19 /* Phonebook */ = {
			isa = PBXNativeTarget;
			buildConfigurationList = 34D7C0C522EB7A630042DB19 /* Build configuration list for PBXNativeTarget "Phonebook" */;
			buildPhases = (
				34D7C0AF22EB7A610042DB19 /* Sources */,
				34D7C0B022EB7A610042DB19 /* Frameworks */,
				34D7C0B122EB7A610042DB19 /* Resources */,
			);
			buildRules = (
			);
			dependencies = (
			);
			name = Phonebook;
			productName = Phonebook;
			productReference = 34D7C0B322EB7A610042DB19 /* Phonebook.app */;
			productType = "com.apple.product-type.application";
		};
/* End PBXNativeTarget section */

/* Begin PBXProject section */
		34D7C0AB22EB7A610042DB19 /* Project object */ = {
			isa = PBXProject;
			attributes = {
				LastSwiftUpdateCheck = 1020;
				LastUpgradeCheck = 1020;
				ORGANIZATIONNAME = "Артур";
				TargetAttributes = {
					34D7C0B222EB7A610042DB19 = {
						CreatedOnToolsVersion = 10.2.1;
					};
				};
			};
			buildConfigurationList = 34D7C0AE22EB7A610042DB19 /* Build configuration list for PBXProject "Phonebook" */;
			compatibilityVersion = "Xcode 9.3";
			developmentRegion = en;
			hasScannedForEncodings = 0;
			knownRegions = (
				en,
				Base,
			);
			mainGroup = 34D7C0AA22EB7A610042DB19;
			productRefGroup = 34D7C0B422EB7A610042DB19 /* Products */;
			projectDirPath = "";
			projectRoot = "";
			targets = (
				34D7C0B222EB7A610042DB19 /* Phonebook */,
			);
		};
/* End PBXProject section */

/* Begin PBXResourcesBuildPhase section */
		34D7C0B122EB7A610042DB19 /* Resources */ = {
			isa = PBXResourcesBuildPhase;
			buildActionMask = 2147483647;
			files = (
				34D7C14522EB96E70042DB19 /* PhoneCard.storyboard in Resources */,
				34D7C10522EB88710042DB19 /* Phonebook.storyboard in Resources */,
				34D7C0C122EB7A630042DB19 /* LaunchScreen.storyboard in Resources */,
				348E9A6722ED9E8100258573 /* PhoneCardNameCell.xib in Resources */,
				348E9A5522ED9DA100258573 /* PhoneCardEmailCell.xib in Resources */,
				348E9A5B22ED9E0700258573 /* PhoneCardMessageSendCell.xib in Resources */,
				34D7C14722EB96FE0042DB19 /* DetailPhoto.storyboard in Resources */,
				348E9A4622EC772000258573 /* Assets.xcassets in Resources */,
				34D7C10822EB891C0042DB19 /* PhonebookCell.xib in Resources */,
			);
			runOnlyForDeploymentPostprocessing = 0;
		};
/* End PBXResourcesBuildPhase section */

/* Begin PBXSourcesBuildPhase section */
		34D7C0AF22EB7A610042DB19 /* Sources */ = {
			isa = PBXSourcesBuildPhase;
			buildActionMask = 2147483647;
			files = (
				34D7C12B22EB926C0042DB19 /* DetailPhotoInteractor.swift in Sources */,
				34D7C12922EB926C0042DB19 /* DetailPhotoPresenterProtocol.swift in Sources */,
				34D7C0F222EB7F8B0042DB19 /* PhonebookViewController.swift in Sources */,
				34D7C0DC22EB7CC30042DB19 /* PhonebookInteractor.swift in Sources */,
				34D7C11722EB8D040042DB19 /* CoordinatorProtocol.swift in Sources */,
				34D7C0EB22EB7E600042DB19 /* InternetServiceProtocol.swift in Sources */,
				348E9A6122ED9E2C00258573 /* PhoneCardNameCellView.swift in Sources */,
				34D7C0F822EB80AF0042DB19 /* ErrorList.swift in Sources */,
				34D7C11922EB8DBA0042DB19 /* ControllerBuilder.swift in Sources */,
				348E9A5922ED9DF200258573 /* PhoneCardEmailCellProtocol.swift in Sources */,
				34D7C0E922EB7E560042DB19 /* InternetService.swift in Sources */,
				348E9A4E22ECC67100258573 /* SearchOperation.swift in Sources */,
				34D7C10222EB86710042DB19 /* PhonebookObjectProtocol.swift in Sources */,
				34D7C10022EB86440042DB19 /* PhonebookObject.swift in Sources */,
				34D7C0E022EB7CFF0042DB19 /* PhonebookPresenter.swift in Sources */,
				34D7C0ED22EB7E780042DB19 /* DownloadOperation.swift in Sources */,
				34D7C0E222EB7D0D0042DB19 /* PhonebookPresenterProtocol.swift in Sources */,
				348E9A5022ECCB2D00258573 /* SearchServiceProtocol.swift in Sources */,
				34D7C12E22EB92D80042DB19 /*  DetailPhotoViewProtocol.swift in Sources */,
				34D7C11B22EB8DC80042DB19 /* ControllerBuilderProtocol.swift in Sources */,
				34D7C0DE22EB7CE10042DB19 /* PhonebookAssembly.swift in Sources */,
				34D7C14122EB955E0042DB19 /* PhonecardInteractor.swift in Sources */,
				34D7C14322EB955E0042DB19 /* PhonecardAssembly.swift in Sources */,
				34D7C11022EB8C2A0042DB19 /* Application.swift in Sources */,
				34D7C13D22EB955E0042DB19 /* PhoneCardViewController.swift in Sources */,
				34D7C13F22EB955E0042DB19 /* PhonecardPresenter.swift in Sources */,
				34D7C10C22EB8A130042DB19 /* PhonebookCellView.swift in Sources */,
				34D7C0E622EB7DD30042DB19 /* PhonebookInteractorProtocol.swift in Sources */,
				34D7C10A22EB89FC0042DB19 /* PhonebookCellProtocol.swift in Sources */,
				34D7C12822EB926C0042DB19 /* DetailPhotoPresenter.swift in Sources */,
				348E9A4C22ECC5DB00258573 /* SearchService.swift in Sources */,
				34D7C13022EB93110042DB19 /* DetailPhotoViewController.swift in Sources */,
				34D7C0F622EB80780042DB19 /* UIViewControllerStoryboardID.swift in Sources */,
				348E9A6522ED9E4100258573 /* PhoneCardNameCellProtocol.swift in Sources */,
				34D7C14022EB955E0042DB19 /* PhonecardPresenterProtocol.swift in Sources */,
				34D7C11522EB8CFD0042DB19 /* Coordinator.swift in Sources */,
				34D7C0B722EB7A610042DB19 /* AppDelegate.swift in Sources */,
				34D7C0FE22EB853F0042DB19 /* PhonebookResponse.swift in Sources */,
				34D7C0F022EB7F010042DB19 /* Result.swift in Sources */,
				34D7C12722EB926C0042DB19 /* DetailPhotoAssembly.swift in Sources */,
				34D7C14222EB955E0042DB19 /* PhonecardInteractorProtocol.swift in Sources */,
				34D7C12A22EB926C0042DB19 /* DetailPhotoInteractorProtocol.swift in Sources */,
				348E9A6B22EDDD7300258573 /* PhoneCardNameCellDelegateProtocol.swift in Sources */,
				34D7C13E22EB955E0042DB19 /* PhoneCardViewProtocol.swift in Sources */,
				34D7C0F422EB80140042DB19 /* StoryboardName.swift in Sources */,
				348E9A4922EC9A1100258573 /* UIimageViewDownloadExtension.swift in Sources */,
				348E9A5722ED9DDB00258573 /* PhoneCardEmailCellView.swift in Sources */,
				34D7C0FA22EB818F0042DB19 /* PhonebookViewProtocol.swift in Sources */,
			);
			runOnlyForDeploymentPostprocessing = 0;
		};
/* End PBXSourcesBuildPhase section */

/* Begin PBXVariantGroup section */
		34D7C0BF22EB7A630042DB19 /* LaunchScreen.storyboard */ = {
			isa = PBXVariantGroup;
			children = (
				34D7C0C022EB7A630042DB19 /* Base */,
			);
			name = LaunchScreen.storyboard;
			sourceTree = "<group>";
		};
/* End PBXVariantGroup section */

/* Begin XCBuildConfiguration section */
		34D7C0C322EB7A630042DB19 /* Debug */ = {
			isa = XCBuildConfiguration;
			buildSettings = {
				ALWAYS_SEARCH_USER_PATHS = NO;
				CLANG_ANALYZER_NONNULL = YES;
				CLANG_ANALYZER_NUMBER_OBJECT_CONVERSION = YES_AGGRESSIVE;
				CLANG_CXX_LANGUAGE_STANDARD = "gnu++14";
				CLANG_CXX_LIBRARY = "libc++";
				CLANG_ENABLE_MODULES = YES;
				CLANG_ENABLE_OBJC_ARC = YES;
				CLANG_ENABLE_OBJC_WEAK = YES;
				CLANG_WARN_BLOCK_CAPTURE_AUTORELEASING = YES;
				CLANG_WARN_BOOL_CONVERSION = YES;
				CLANG_WARN_COMMA = YES;
				CLANG_WARN_CONSTANT_CONVERSION = YES;
				CLANG_WARN_DEPRECATED_OBJC_IMPLEMENTATIONS = YES;
				CLANG_WARN_DIRECT_OBJC_ISA_USAGE = YES_ERROR;
				CLANG_WARN_DOCUMENTATION_COMMENTS = YES;
				CLANG_WARN_EMPTY_BODY = YES;
				CLANG_WARN_ENUM_CONVERSION = YES;
				CLANG_WARN_INFINITE_RECURSION = YES;
				CLANG_WARN_INT_CONVERSION = YES;
				CLANG_WARN_NON_LITERAL_NULL_CONVERSION = YES;
				CLANG_WARN_OBJC_IMPLICIT_RETAIN_SELF = YES;
				CLANG_WARN_OBJC_LITERAL_CONVERSION = YES;
				CLANG_WARN_OBJC_ROOT_CLASS = YES_ERROR;
				CLANG_WARN_RANGE_LOOP_ANALYSIS = YES;
				CLANG_WARN_STRICT_PROTOTYPES = YES;
				CLANG_WARN_SUSPICIOUS_MOVE = YES;
				CLANG_WARN_UNGUARDED_AVAILABILITY = YES_AGGRESSIVE;
				CLANG_WARN_UNREACHABLE_CODE = YES;
				CLANG_WARN__DUPLICATE_METHOD_MATCH = YES;
				CODE_SIGN_IDENTITY = "iPhone Developer";
				COPY_PHASE_STRIP = NO;
				DEBUG_INFORMATION_FORMAT = dwarf;
				ENABLE_STRICT_OBJC_MSGSEND = YES;
				ENABLE_TESTABILITY = YES;
				GCC_C_LANGUAGE_STANDARD = gnu11;
				GCC_DYNAMIC_NO_PIC = NO;
				GCC_NO_COMMON_BLOCKS = YES;
				GCC_OPTIMIZATION_LEVEL = 0;
				GCC_PREPROCESSOR_DEFINITIONS = (
					"DEBUG=1",
					"$(inherited)",
				);
				GCC_WARN_64_TO_32_BIT_CONVERSION = YES;
				GCC_WARN_ABOUT_RETURN_TYPE = YES_ERROR;
				GCC_WARN_UNDECLARED_SELECTOR = YES;
				GCC_WARN_UNINITIALIZED_AUTOS = YES_AGGRESSIVE;
				GCC_WARN_UNUSED_FUNCTION = YES;
				GCC_WARN_UNUSED_VARIABLE = YES;
				IPHONEOS_DEPLOYMENT_TARGET = 12.2;
				MTL_ENABLE_DEBUG_INFO = INCLUDE_SOURCE;
				MTL_FAST_MATH = YES;
				ONLY_ACTIVE_ARCH = YES;
				SDKROOT = iphoneos;
				SWIFT_ACTIVE_COMPILATION_CONDITIONS = DEBUG;
				SWIFT_OPTIMIZATION_LEVEL = "-Onone";
			};
			name = Debug;
		};
		34D7C0C422EB7A630042DB19 /* Release */ = {
			isa = XCBuildConfiguration;
			buildSettings = {
				ALWAYS_SEARCH_USER_PATHS = NO;
				CLANG_ANALYZER_NONNULL = YES;
				CLANG_ANALYZER_NUMBER_OBJECT_CONVERSION = YES_AGGRESSIVE;
				CLANG_CXX_LANGUAGE_STANDARD = "gnu++14";
				CLANG_CXX_LIBRARY = "libc++";
				CLANG_ENABLE_MODULES = YES;
				CLANG_ENABLE_OBJC_ARC = YES;
				CLANG_ENABLE_OBJC_WEAK = YES;
				CLANG_WARN_BLOCK_CAPTURE_AUTORELEASING = YES;
				CLANG_WARN_BOOL_CONVERSION = YES;
				CLANG_WARN_COMMA = YES;
				CLANG_WARN_CONSTANT_CONVERSION = YES;
				CLANG_WARN_DEPRECATED_OBJC_IMPLEMENTATIONS = YES;
				CLANG_WARN_DIRECT_OBJC_ISA_USAGE = YES_ERROR;
				CLANG_WARN_DOCUMENTATION_COMMENTS = YES;
				CLANG_WARN_EMPTY_BODY = YES;
				CLANG_WARN_ENUM_CONVERSION = YES;
				CLANG_WARN_INFINITE_RECURSION = YES;
				CLANG_WARN_INT_CONVERSION = YES;
				CLANG_WARN_NON_LITERAL_NULL_CONVERSION = YES;
				CLANG_WARN_OBJC_IMPLICIT_RETAIN_SELF = YES;
				CLANG_WARN_OBJC_LITERAL_CONVERSION = YES;
				CLANG_WARN_OBJC_ROOT_CLASS = YES_ERROR;
				CLANG_WARN_RANGE_LOOP_ANALYSIS = YES;
				CLANG_WARN_STRICT_PROTOTYPES = YES;
				CLANG_WARN_SUSPICIOUS_MOVE = YES;
				CLANG_WARN_UNGUARDED_AVAILABILITY = YES_AGGRESSIVE;
				CLANG_WARN_UNREACHABLE_CODE = YES;
				CLANG_WARN__DUPLICATE_METHOD_MATCH = YES;
				CODE_SIGN_IDENTITY = "iPhone Developer";
				COPY_PHASE_STRIP = NO;
				DEBUG_INFORMATION_FORMAT = "dwarf-with-dsym";
				ENABLE_NS_ASSERTIONS = NO;
				ENABLE_STRICT_OBJC_MSGSEND = YES;
				GCC_C_LANGUAGE_STANDARD = gnu11;
				GCC_NO_COMMON_BLOCKS = YES;
				GCC_WARN_64_TO_32_BIT_CONVERSION = YES;
				GCC_WARN_ABOUT_RETURN_TYPE = YES_ERROR;
				GCC_WARN_UNDECLARED_SELECTOR = YES;
				GCC_WARN_UNINITIALIZED_AUTOS = YES_AGGRESSIVE;
				GCC_WARN_UNUSED_FUNCTION = YES;
				GCC_WARN_UNUSED_VARIABLE = YES;
				IPHONEOS_DEPLOYMENT_TARGET = 12.2;
				MTL_ENABLE_DEBUG_INFO = NO;
				MTL_FAST_MATH = YES;
				SDKROOT = iphoneos;
				SWIFT_COMPILATION_MODE = wholemodule;
				SWIFT_OPTIMIZATION_LEVEL = "-O";
				VALIDATE_PRODUCT = YES;
			};
			name = Release;
		};
		34D7C0C622EB7A630042DB19 /* Debug */ = {
			isa = XCBuildConfiguration;
			buildSettings = {
				ASSETCATALOG_COMPILER_APPICON_NAME = AppIcon;
				CODE_SIGN_STYLE = Automatic;
				DEVELOPMENT_TEAM = 49TJ4B58D9;
				INFOPLIST_FILE = Phonebook/Info.plist;
				LD_RUNPATH_SEARCH_PATHS = (
					"$(inherited)",
					"@executable_path/Frameworks",
				);
				PRODUCT_BUNDLE_IDENTIFIER = ArturRuzhnikov.Phonebook;
				PRODUCT_NAME = "$(TARGET_NAME)";
				SWIFT_VERSION = 5.0;
				TARGETED_DEVICE_FAMILY = "1,2";
			};
			name = Debug;
		};
		34D7C0C722EB7A630042DB19 /* Release */ = {
			isa = XCBuildConfiguration;
			buildSettings = {
				ASSETCATALOG_COMPILER_APPICON_NAME = AppIcon;
				CODE_SIGN_STYLE = Automatic;
				DEVELOPMENT_TEAM = 49TJ4B58D9;
				INFOPLIST_FILE = Phonebook/Info.plist;
				LD_RUNPATH_SEARCH_PATHS = (
					"$(inherited)",
					"@executable_path/Frameworks",
				);
				PRODUCT_BUNDLE_IDENTIFIER = ArturRuzhnikov.Phonebook;
				PRODUCT_NAME = "$(TARGET_NAME)";
				SWIFT_VERSION = 5.0;
				TARGETED_DEVICE_FAMILY = "1,2";
			};
			name = Release;
		};
/* End XCBuildConfiguration section */

/* Begin XCConfigurationList section */
		34D7C0AE22EB7A610042DB19 /* Build configuration list for PBXProject "Phonebook" */ = {
			isa = XCConfigurationList;
			buildConfigurations = (
				34D7C0C322EB7A630042DB19 /* Debug */,
				34D7C0C422EB7A630042DB19 /* Release */,
			);
			defaultConfigurationIsVisible = 0;
			defaultConfigurationName = Release;
		};
		34D7C0C522EB7A630042DB19 /* Build configuration list for PBXNativeTarget "Phonebook" */ = {
			isa = XCConfigurationList;
			buildConfigurations = (
				34D7C0C622EB7A630042DB19 /* Debug */,
				34D7C0C722EB7A630042DB19 /* Release */,
			);
			defaultConfigurationIsVisible = 0;
			defaultConfigurationName = Release;
		};
/* End XCConfigurationList section */
	};
	rootObject = 34D7C0AB22EB7A610042DB19 /* Project object */;
}
